
Microsoft Visual Studio Solution File, Format Version 11.00
# Visual Studio 2010
Project("{FAE04EC0-301F-11D3-BF4B-00C04F79EFBC}") = "ElectronicColorCodeCalculator", "ElectronicColorCodeCalculator\ElectronicColorCodeCalculator.csproj", "{AC4B8E8C-2114-4BE9-9D52-F70428E18846}"
EndProject
Project("{FAE04EC0-301F-11D3-BF4B-00C04F79EFBC}") = "ElectronicColorCodeCalculator.Tests", "ElectronicColorCodeCalculator.Tests\ElectronicColorCodeCalculator.Tests.csproj", "{3D735914-8AD3-4A22-AD91-162B6E20EDFE}"
EndProject
Global
	GlobalSection(SolutionConfigurationPlatforms) = preSolution
		Debug|Any CPU = Debug|Any CPU
		Release|Any CPU = Release|Any CPU
	EndGlobalSection
	GlobalSection(ProjectConfigurationPlatforms) = postSolution
		{AC4B8E8C-2114-4BE9-9D52-F70428E18846}.Debug|Any CPU.ActiveCfg = Debug|Any CPU
		{AC4B8E8C-2114-4BE9-9D52-F70428E18846}.Debug|Any CPU.Build.0 = Debug|Any CPU
		{AC4B8E8C-2114-4BE9-9D52-F70428E18846}.Release|Any CPU.ActiveCfg = Release|Any CPU
		{AC4B8E8C-2114-4BE9-9D52-F70428E18846}.Release|Any CPU.Build.0 = Release|Any CPU
		{3D735914-8AD3-4A22-AD91-162B6E20EDFE}.Debug|Any CPU.ActiveCfg = Debug|Any CPU
		{3D735914-8AD3-4A22-AD91-162B6E20EDFE}.Debug|Any CPU.Build.0 = Debug|Any CPU
		{3D735914-8AD3-4A22-AD91-162B6E20EDFE}.Release|Any CPU.ActiveCfg = Release|Any CPU
		{3D735914-8AD3-4A22-AD91-162B6E20EDFE}.Release|Any CPU.Build.0 = Release|Any CPU
	EndGlobalSection
	GlobalSection(SolutionProperties) = preSolution
		HideSolutionNode = FALSE
	EndGlobalSection
EndGlobal
